Microsoft Visual Studio Solution File, Format Version 12.00
# Visual Studio Version 17
VisualStudioVersion = 17.14.36408.4
MinimumVisualStudioVersion = 10.0.40219.1
Project("{FAE04EC0-301F-11D3-BF4B-00C04F79EFBC}") = "PawPoint.ApiServices", "PawPoint.ApiServices\PawPoint.ApiServices.csproj", "{02E1A9E5-7026-67C1-5A50-CFB8E17719AE}"
EndProject
Project("{FAE04EC0-301F-11D3-BF4B-00C04F79EFBC}") = "PawPoint.AppHost", "PawPoint.AppHost\PawPoint.AppHost.csproj", "{C4DEA396-1893-6EBD-6AB7-6821AE50D8DF}"
EndProject
Project("{FAE04EC0-301F-11D3-BF4B-00C04F79EFBC}") = "PawPoint.Common", "PawPoint.Common\PawPoint.Common.csproj", "{C33CC2A3-2FB9-B6D4-8830-28DFDC6E98DA}"
EndProject
Project("{FAE04EC0-301F-11D3-BF4B-00C04F79EFBC}") = "PawPoint.DB", "PawPoint.DB\PawPoint.DB.csproj", "{1437D4CF-E70F-9B2B-40ED-FB364F97C4E6}"
EndProject
Project("{FAE04EC0-301F-11D3-BF4B-00C04F79EFBC}") = "PawPoint.ServiceDefaults", "PawPoint.ServiceDefaults\PawPoint.ServiceDefaults.csproj", "{5BD4464F-1388-5A8C-EEFB-43041E387B54}"
EndProject
Project("{FAE04EC0-301F-11D3-BF4B-00C04F79EFBC}") = "PawPoint.Services", "PawPoint.Services\PawPoint.Services.csproj", "{D1755380-5ECC-21B2-AC39-79FF9496CE4A}"
EndProject
Project("{FAE04EC0-301F-11D3-BF4B-00C04F79EFBC}") = "PawPoint.Tests", "PawPoint.Tests\PawPoint.Tests.csproj", "{04D344DD-5C5E-63AC-226A-0B0C7A3538A6}"
EndProject
Global
	GlobalSection(SolutionConfigurationPlatforms) = preSolution
		Debug|Any CPU = Debug|Any CPU
		Release|Any CPU = Release|Any CPU
	EndGlobalSection
	GlobalSection(ProjectConfigurationPlatforms) = postSolution
		{02E1A9E5-7026-67C1-5A50-CFB8E17719AE}.Debug|Any CPU.ActiveCfg = Debug|Any CPU
		{02E1A9E5-7026-67C1-5A50-CFB8E17719AE}.Debug|Any CPU.Build.0 = Debug|Any CPU
		{02E1A9E5-7026-67C1-5A50-CFB8E17719AE}.Release|Any CPU.ActiveCfg = Release|Any CPU
		{02E1A9E5-7026-67C1-5A50-CFB8E17719AE}.Release|Any CPU.Build.0 = Release|Any CPU
		{C4DEA396-1893-6EBD-6AB7-6821AE50D8DF}.Debug|Any CPU.ActiveCfg = Debug|Any CPU
		{C4DEA396-1893-6EBD-6AB7-6821AE50D8DF}.Debug|Any CPU.Build.0 = Debug|Any CPU
		{C4DEA396-1893-6EBD-6AB7-6821AE50D8DF}.Release|Any CPU.ActiveCfg = Release|Any CPU
		{C4DEA396-1893-6EBD-6AB7-6821AE50D8DF}.Release|Any CPU.Build.0 = Release|Any CPU
		{C33CC2A3-2FB9-B6D4-8830-28DFDC6E98DA}.Debug|Any CPU.ActiveCfg = Debug|Any CPU
		{C33CC2A3-2FB9-B6D4-8830-28DFDC6E98DA}.Debug|Any CPU.Build.0 = Debug|Any CPU
		{C33CC2A3-2FB9-B6D4-8830-28DFDC6E98DA}.Release|Any CPU.ActiveCfg = Release|Any CPU
		{C33CC2A3-2FB9-B6D4-8830-28DFDC6E98DA}.Release|Any CPU.Build.0 = Release|Any CPU
		{1437D4CF-E70F-9B2B-40ED-FB364F97C4E6}.Debug|Any CPU.ActiveCfg = Debug|Any CPU
		{1437D4CF-E70F-9B2B-40ED-FB364F97C4E6}.Debug|Any CPU.Build.0 = Debug|Any CPU
		{1437D4CF-E70F-9B2B-40ED-FB364F97C4E6}.Release|Any CPU.ActiveCfg = Release|Any CPU
		{1437D4CF-E70F-9B2B-40ED-FB364F97C4E6}.Release|Any CPU.Build.0 = Release|Any CPU
		{5BD4464F-1388-5A8C-EEFB-43041E387B54}.Debug|Any CPU.ActiveCfg = Debug|Any CPU
		{5BD4464F-1388-5A8C-EEFB-43041E387B54}.Debug|Any CPU.Build.0 = Debug|Any CPU
		{5BD4464F-1388-5A8C-EEFB-43041E387B54}.Release|Any CPU.ActiveCfg = Release|Any CPU
		{5BD4464F-1388-5A8C-EEFB-43041E387B54}.Release|Any CPU.Build.0 = Release|Any CPU
		{D1755380-5ECC-21B2-AC39-79FF9496CE4A}.Debug|Any CPU.ActiveCfg = Debug|Any CPU
		{D1755380-5ECC-21B2-AC39-79FF9496CE4A}.Debug|Any CPU.Build.0 = Debug|Any CPU
		{D1755380-5ECC-21B2-AC39-79FF9496CE4A}.Release|Any CPU.ActiveCfg = Release|Any CPU
		{D1755380-5ECC-21B2-AC39-79FF9496CE4A}.Release|Any CPU.Build.0 = Release|Any CPU
		{04D344DD-5C5E-63AC-226A-0B0C7A3538A6}.Debug|Any CPU.ActiveCfg = Debug|Any CPU
		{04D344DD-5C5E-63AC-226A-0B0C7A3538A6}.Debug|Any CPU.Build.0 = Debug|Any CPU
		{04D344DD-5C5E-63AC-226A-0B0C7A3538A6}.Release|Any CPU.ActiveCfg = Release|Any CPU
		{04D344DD-5C5E-63AC-226A-0B0C7A3538A6}.Release|Any CPU.Build.0 = Release|Any CPU
	EndGlobalSection
	GlobalSection(SolutionProperties) = preSolution
		HideSolutionNode = FALSE
	EndGlobalSection
	GlobalSection(ExtensibilityGlobals) = postSolution
		SolutionGuid = {CD92B428-125D-478D-B9DA-C26279EF0243}
	EndGlobalSection
EndGlobal
