
Microsoft Visual Studio Solution File, Format Version 12.00
# Visual Studio Version 17
VisualStudioVersion = 17.14.36804.6 d17.14
MinimumVisualStudioVersion = 10.0.40219.1
Project("{FAE04EC0-301F-11D3-BF4B-00C04F79EFBC}") = "PawPoint.ServiceDefaults", "PawPoint.ServiceDefaults.csproj", "{1C85AE81-ADCC-42F9-8FBF-26E5E2892299}"
EndProject
Global
	GlobalSection(SolutionConfigurationPlatforms) = preSolution
		Debug|Any CPU = Debug|Any CPU
		Release|Any CPU = Release|Any CPU
	EndGlobalSection
	GlobalSection(ProjectConfigurationPlatforms) = postSolution
		{1C85AE81-ADCC-42F9-8FBF-26E5E2892299}.Debug|Any CPU.ActiveCfg = Debug|Any CPU
		{1C85AE81-ADCC-42F9-8FBF-26E5E2892299}.Debug|Any CPU.Build.0 = Debug|Any CPU
		{1C85AE81-ADCC-42F9-8FBF-26E5E2892299}.Release|Any CPU.ActiveCfg = Release|Any CPU
		{1C85AE81-ADCC-42F9-8FBF-26E5E2892299}.Release|Any CPU.Build.0 = Release|Any CPU
	EndGlobalSection
	GlobalSection(SolutionProperties) = preSolution
		HideSolutionNode = FALSE
	EndGlobalSection
	GlobalSection(ExtensibilityGlobals) = postSolution
		SolutionGuid = {421356D0-C23E-452B-BC6A-5CDC33BB20EF}
	EndGlobalSection
EndGlobal
